{
	"name": "seed-object-model",
	"version": "0.2.0",
	"lockfileVersion": 1,
	"requires": true,
	"dependencies": {
		"firebase-basic-service": {
			"version": "git+https://github.com/zerobytes/firebase-basic-service.git#335b5a64f22632656ca89fcfe3c41e91a353686e",
			"from": "git+https://github.com/zerobytes/firebase-basic-service.git"
		}
	}
}
