{
	"name": "@zerobytes/object-model-js",
	"version": "0.0.5",
	"lockfileVersion": 1,
	"requires": true,
	"dependencies": {
		"@zerobytes/firebase-basic-service": {
			"version": "1.0.6",
			"resolved": "https://registry.npmjs.org/@zerobytes/firebase-basic-service/-/firebase-basic-service-1.0.6.tgz",
			"integrity": "sha512-mP2w0W1qMp66kLzD1Int+cNm1w2PZtLisztahMvRwHGNE+W5EldjCDIhGl44NPRyHOlzxdDJrB3SnswJkghMIw=="
		}
	}
}
