{
	"name": "@zerobytes/object-model-js",
	"version": "0.0.4",
	"lockfileVersion": 1,
	"requires": true,
	"dependencies": {
		"@zerobytes/firebase-basic-service": {
			"version": "1.0.4",
			"resolved": "https://registry.npmjs.org/@zerobytes/firebase-basic-service/-/firebase-basic-service-1.0.4.tgz",
			"integrity": "sha512-dV8HAG/c6HkfukQNMi07t+Fxf3syxcr84xkZj1NCF+53+tUD2vVBYIow/Zi0MuL3blwVFDK+Ehu3mWjKS9XY+g=="
		}
	}
}
